github.com/go-sql-driver/mysql v1.3.1-0.20170327113021-9dee4ca50b83 h1:YC7IUWFj9FQJncreqbHkdZtnr0OEP889+kTGoeedhaQ=
github.com/go-sql-driver/mysql v1.3.1-0.20170327113021-9dee4ca50b83/go.mod h1:zAC/RDZ24gD3HViQzih4MyKcchzm+sOG5ZlKdlhCg5w=
github.com/go-sql-driver/mysql v1.5.0 h1:ozyZYNQW3x3HtqT1jira07DN2PArx2v7/mN66gGcHOs=
github.com/go-sql-driver/mysql v1.5.0/go.mod h1:DCzpHaOWr8IXmIStZouvnhqoel9Qv2LBy8hT2VhHyBg=
github.com/mattn/go-runewidth v0.0.3-0.20170201023540-14207d285c6c h1:jQ6tSGsM/2TGhmbzHl9wXDtm2YjZDAfMsHyxaBDwywA=
github.com/mattn/go-runewidth v0.0.3-0.20170201023540-14207d285c6c/go.mod h1:LwmH8dsx7+W8Uxz3IHJYH5QSwggIsqBzpuz5H//U1FU=
github.com/nsf/termbox-go v0.0.0-20170327202638-7994c181db77 h1:1VhWOKej+D0QhZuv3SE33cUepu1yfCIQw27HcOiujmo=
github.com/nsf/termbox-go v0.0.0-20170327202638-7994c181db77/go.mod h1:IuKpRQcYE1Tfu+oAQqaLisqDeXgjyyltCfsaoYN18NQ=
github.com/nsf/termbox-go v0.0.0-20200204031403-4d2b513ad8be h1:yzmWtPyxEUIKdZg4RcPq64MfS8NA6A5fNOJgYhpR9EQ=
github.com/nsf/termbox-go v0.0.0-20200204031403-4d2b513ad8be/go.mod h1:IuKpRQcYE1Tfu+oAQqaLisqDeXgjyyltCfsaoYN18NQ=
github.com/sjmudd/anonymiser v0.0.0-20150915143643-2358a418d340 h1:K038HXn4wRdtiPEblWr3spIElHmpRqAx8i8rZEoQkXk=
github.com/sjmudd/anonymiser v0.0.0-20150915143643-2358a418d340/go.mod h1:FinSsnguhM+zdyRfV2RNDlzZQGQlVT/V68oob7xxweQ=
github.com/sjmudd/anonymiser v0.0.1 h1:SKs81inRF32TBqEQECZFG2zqYs/VLos4VMO1Z8gPS7g=
github.com/sjmudd/anonymiser v0.0.1/go.mod h1:OFTs8CUtdO7Ev1HDnOTeqnvBFEswB+XSsg4ruHZtKGs=
github.com/sjmudd/mysql_defaults_file v0.0.0-20151126105016-3818fd85a5a2 h1:LvrSlhNG3PUSeFfskfrcrZxsqu9gSz+BCbLbytTHVWI=
github.com/sjmudd/mysql_defaults_file v0.0.0-20151126105016-3818fd85a5a2/go.mod h1:JLHymnVY6rhs106DPCaafp72N+mxrZOG9gU5vRW7Uf0=
github.com/sjmudd/mysql_defaults_file v0.0.3 h1:ZxBx+kLrySqfkDUtMCn3B0BD8HafYc2E3Stn6KX/r14=
github.com/sjmudd/mysql_defaults_file v0.0.3/go.mod h1:uUu4gj1RYj8ERhXHd3oc+DyvCeKyuj0xhlzfeqeirKQ=
github.com/vaughan0/go-ini v0.0.0-20130923145212-a98ad7ee00ec h1:DGmKwyZwEB8dI7tbLt/I/gQuP559o/0FrAkHKlQM/Ks=
github.com/vaughan0/go-ini v0.0.0-20130923145212-a98ad7ee00ec/go.mod h1:owBmyHYMLkxyrugmfwE/DLJyW8Ro9mkphwuVErQ0iUw=
